
Microsoft Visual Studio Solution File, Format Version 12.00
# Visual Studio Version 17
VisualStudioVersion = 17.4.33205.214
MinimumVisualStudioVersion = 10.0.40219.1
Project("{2150E333-8FDC-42A3-9474-1A3956D46DE8}") = "src", "src", "{E75CB6A5-BA6C-4E4D-ADBD-C7E185C25318}"
EndProject
Project("{2150E333-8FDC-42A3-9474-1A3956D46DE8}") = "tests", "tests", "{9CD138DC-D61F-4282-9A02-67AF4BF59609}"
EndProject
Project("{9A19103F-16F7-4668-BE54-9A1E7A4F7556}") = "GarmentShop.Application", "src\GarmentShop.Application\GarmentShop.Application.csproj", "{3A61ADB0-52CD-4AA3-B847-78F16D80C28D}"
EndProject
Project("{9A19103F-16F7-4668-BE54-9A1E7A4F7556}") = "GarmentShop.Domain", "src\GarmentShop.Domain\GarmentShop.Domain.csproj", "{048C77E3-AF34-4E50-BC95-0D9732E8F780}"
EndProject
Project("{9A19103F-16F7-4668-BE54-9A1E7A4F7556}") = "GarmentShop.Infrastructure", "src\GarmentShop.Infrastructure\GarmentShop.Infrastructure.csproj", "{F2868D12-F49B-4A11-BAA0-E07F5BC02BE7}"
EndProject
Project("{9A19103F-16F7-4668-BE54-9A1E7A4F7556}") = "GarmentShop.Presentation", "src\GarmentShop.Presentation\GarmentShop.Presentation.csproj", "{51151CAC-F97F-41EF-BC2C-1A8E9FFBBF97}"
EndProject
Project("{9A19103F-16F7-4668-BE54-9A1E7A4F7556}") = "GarmentShop.Contracts", "src\GarmentShop.Contracts\GarmentShop.Contracts.csproj", "{CED1DCB0-35C6-4B1B-8D07-929B258BDF9E}"
EndProject
Project("{2150E333-8FDC-42A3-9474-1A3956D46DE8}") = "UnitTests", "UnitTests", "{E567A696-A77E-4C56-AF2C-261E82DC6996}"
EndProject
Project("{FAE04EC0-301F-11D3-BF4B-00C04F79EFBC}") = "GarmentShop.Domain.Tests.XUnit", "tests\UnitTests\GarmentShop.Domain.Tests.XUnit\GarmentShop.Domain.Tests.XUnit.csproj", "{3BC53C4A-9027-4137-A660-FC1FFD214203}"
EndProject
Project("{FAE04EC0-301F-11D3-BF4B-00C04F79EFBC}") = "GarmentShop.Presentation.Tests.XUnit", "tests\UnitTests\GarmentShop.Presentation.Tests.XUnit\GarmentShop.Presentation.Tests.XUnit.csproj", "{43B453FC-F270-487B-9EBE-E1466FA8E1CC}"
EndProject
Project("{FAE04EC0-301F-11D3-BF4B-00C04F79EFBC}") = "GarmentShop.Infrastructure.Tests.XUnit", "tests\UnitTests\GarmentShop.Infrastructure.Tests.XUnit\GarmentShop.Infrastructure.Tests.XUnit.csproj", "{8EEA3A30-C620-4551-9996-07659145FFE6}"
EndProject
Project("{FAE04EC0-301F-11D3-BF4B-00C04F79EFBC}") = "GarmentShop.Application.Tests.XUnit", "tests\UnitTests\GarmentShop.Application.Tests.XUnit\GarmentShop.Application.Tests.XUnit.csproj", "{0F291ABC-510A-4F3A-A40F-43DF5443370A}"
EndProject
Global
	GlobalSection(SolutionConfigurationPlatforms) = preSolution
		Debug|Any CPU = Debug|Any CPU
		Release|Any CPU = Release|Any CPU
	EndGlobalSection
	GlobalSection(ProjectConfigurationPlatforms) = postSolution
		{3A61ADB0-52CD-4AA3-B847-78F16D80C28D}.Debug|Any CPU.ActiveCfg = Debug|Any CPU
		{3A61ADB0-52CD-4AA3-B847-78F16D80C28D}.Debug|Any CPU.Build.0 = Debug|Any CPU
		{3A61ADB0-52CD-4AA3-B847-78F16D80C28D}.Release|Any CPU.ActiveCfg = Release|Any CPU
		{3A61ADB0-52CD-4AA3-B847-78F16D80C28D}.Release|Any CPU.Build.0 = Release|Any CPU
		{048C77E3-AF34-4E50-BC95-0D9732E8F780}.Debug|Any CPU.ActiveCfg = Debug|Any CPU
		{048C77E3-AF34-4E50-BC95-0D9732E8F780}.Debug|Any CPU.Build.0 = Debug|Any CPU
		{048C77E3-AF34-4E50-BC95-0D9732E8F780}.Release|Any CPU.ActiveCfg = Release|Any CPU
		{048C77E3-AF34-4E50-BC95-0D9732E8F780}.Release|Any CPU.Build.0 = Release|Any CPU
		{F2868D12-F49B-4A11-BAA0-E07F5BC02BE7}.Debug|Any CPU.ActiveCfg = Debug|Any CPU
		{F2868D12-F49B-4A11-BAA0-E07F5BC02BE7}.Debug|Any CPU.Build.0 = Debug|Any CPU
		{F2868D12-F49B-4A11-BAA0-E07F5BC02BE7}.Release|Any CPU.ActiveCfg = Release|Any CPU
		{F2868D12-F49B-4A11-BAA0-E07F5BC02BE7}.Release|Any CPU.Build.0 = Release|Any CPU
		{51151CAC-F97F-41EF-BC2C-1A8E9FFBBF97}.Debug|Any CPU.ActiveCfg = Debug|Any CPU
		{51151CAC-F97F-41EF-BC2C-1A8E9FFBBF97}.Debug|Any CPU.Build.0 = Debug|Any CPU
		{51151CAC-F97F-41EF-BC2C-1A8E9FFBBF97}.Release|Any CPU.ActiveCfg = Release|Any CPU
		{51151CAC-F97F-41EF-BC2C-1A8E9FFBBF97}.Release|Any CPU.Build.0 = Release|Any CPU
		{CED1DCB0-35C6-4B1B-8D07-929B258BDF9E}.Debug|Any CPU.ActiveCfg = Debug|Any CPU
		{CED1DCB0-35C6-4B1B-8D07-929B258BDF9E}.Debug|Any CPU.Build.0 = Debug|Any CPU
		{CED1DCB0-35C6-4B1B-8D07-929B258BDF9E}.Release|Any CPU.ActiveCfg = Release|Any CPU
		{CED1DCB0-35C6-4B1B-8D07-929B258BDF9E}.Release|Any CPU.Build.0 = Release|Any CPU
		{3BC53C4A-9027-4137-A660-FC1FFD214203}.Debug|Any CPU.ActiveCfg = Debug|Any CPU
		{3BC53C4A-9027-4137-A660-FC1FFD214203}.Debug|Any CPU.Build.0 = Debug|Any CPU
		{3BC53C4A-9027-4137-A660-FC1FFD214203}.Release|Any CPU.ActiveCfg = Release|Any CPU
		{3BC53C4A-9027-4137-A660-FC1FFD214203}.Release|Any CPU.Build.0 = Release|Any CPU
		{43B453FC-F270-487B-9EBE-E1466FA8E1CC}.Debug|Any CPU.ActiveCfg = Debug|Any CPU
		{43B453FC-F270-487B-9EBE-E1466FA8E1CC}.Debug|Any CPU.Build.0 = Debug|Any CPU
		{43B453FC-F270-487B-9EBE-E1466FA8E1CC}.Release|Any CPU.ActiveCfg = Release|Any CPU
		{43B453FC-F270-487B-9EBE-E1466FA8E1CC}.Release|Any CPU.Build.0 = Release|Any CPU
		{8EEA3A30-C620-4551-9996-07659145FFE6}.Debug|Any CPU.ActiveCfg = Debug|Any CPU
		{8EEA3A30-C620-4551-9996-07659145FFE6}.Debug|Any CPU.Build.0 = Debug|Any CPU
		{8EEA3A30-C620-4551-9996-07659145FFE6}.Release|Any CPU.ActiveCfg = Release|Any CPU
		{8EEA3A30-C620-4551-9996-07659145FFE6}.Release|Any CPU.Build.0 = Release|Any CPU
		{0F291ABC-510A-4F3A-A40F-43DF5443370A}.Debug|Any CPU.ActiveCfg = Debug|Any CPU
		{0F291ABC-510A-4F3A-A40F-43DF5443370A}.Debug|Any CPU.Build.0 = Debug|Any CPU
		{0F291ABC-510A-4F3A-A40F-43DF5443370A}.Release|Any CPU.ActiveCfg = Release|Any CPU
		{0F291ABC-510A-4F3A-A40F-43DF5443370A}.Release|Any CPU.Build.0 = Release|Any CPU
	EndGlobalSection
	GlobalSection(SolutionProperties) = preSolution
		HideSolutionNode = FALSE
	EndGlobalSection
	GlobalSection(NestedProjects) = preSolution
		{3A61ADB0-52CD-4AA3-B847-78F16D80C28D} = {E75CB6A5-BA6C-4E4D-ADBD-C7E185C25318}
		{048C77E3-AF34-4E50-BC95-0D9732E8F780} = {E75CB6A5-BA6C-4E4D-ADBD-C7E185C25318}
		{F2868D12-F49B-4A11-BAA0-E07F5BC02BE7} = {E75CB6A5-BA6C-4E4D-ADBD-C7E185C25318}
		{51151CAC-F97F-41EF-BC2C-1A8E9FFBBF97} = {E75CB6A5-BA6C-4E4D-ADBD-C7E185C25318}
		{CED1DCB0-35C6-4B1B-8D07-929B258BDF9E} = {E75CB6A5-BA6C-4E4D-ADBD-C7E185C25318}
		{E567A696-A77E-4C56-AF2C-261E82DC6996} = {9CD138DC-D61F-4282-9A02-67AF4BF59609}
		{3BC53C4A-9027-4137-A660-FC1FFD214203} = {E567A696-A77E-4C56-AF2C-261E82DC6996}
		{43B453FC-F270-487B-9EBE-E1466FA8E1CC} = {E567A696-A77E-4C56-AF2C-261E82DC6996}
		{8EEA3A30-C620-4551-9996-07659145FFE6} = {E567A696-A77E-4C56-AF2C-261E82DC6996}
		{0F291ABC-510A-4F3A-A40F-43DF5443370A} = {E567A696-A77E-4C56-AF2C-261E82DC6996}
	EndGlobalSection
	GlobalSection(ExtensibilityGlobals) = postSolution
		SolutionGuid = {4A6402CD-D79D-4DE7-BE2D-2529736E7632}
	EndGlobalSection
EndGlobal
